
Microsoft Visual Studio Solution File, Format Version 12.00
# Visual Studio 15
VisualStudioVersion = 15.0.28307.168
MinimumVisualStudioVersion = 10.0.40219.1
Project("{FAE04EC0-301F-11D3-BF4B-00C04F79EFBC}") = "SportsStore.Domain", "SportStore.Domain\SportsStore.Domain.csproj", "{70A2159A-C056-451C-ADA5-A225034AE142}"
EndProject
Project("{FAE04EC0-301F-11D3-BF4B-00C04F79EFBC}") = "SportsStore.WebUI", "SportsStore.WebUI\SportsStore.WebUI.csproj", "{C0083C3E-D5DF-4A5A-8B92-EE32C5894DC9}"
EndProject
Project("{FAE04EC0-301F-11D3-BF4B-00C04F79EFBC}") = "SportsStore.UnitTests", "SportsStore.UnitTests\SportsStore.UnitTests.csproj", "{0E7ACA54-2E1C-4BFF-BD37-2C1E7662BD30}"
EndProject
Global
	GlobalSection(SolutionConfigurationPlatforms) = preSolution
		Debug|Any CPU = Debug|Any CPU
		Release|Any CPU = Release|Any CPU
	EndGlobalSection
	GlobalSection(ProjectConfigurationPlatforms) = postSolution
		{70A2159A-C056-451C-ADA5-A225034AE142}.Debug|Any CPU.ActiveCfg = Debug|Any CPU
		{70A2159A-C056-451C-ADA5-A225034AE142}.Debug|Any CPU.Build.0 = Debug|Any CPU
		{70A2159A-C056-451C-ADA5-A225034AE142}.Release|Any CPU.ActiveCfg = Release|Any CPU
		{70A2159A-C056-451C-ADA5-A225034AE142}.Release|Any CPU.Build.0 = Release|Any CPU
		{C0083C3E-D5DF-4A5A-8B92-EE32C5894DC9}.Debug|Any CPU.ActiveCfg = Debug|Any CPU
		{C0083C3E-D5DF-4A5A-8B92-EE32C5894DC9}.Debug|Any CPU.Build.0 = Debug|Any CPU
		{C0083C3E-D5DF-4A5A-8B92-EE32C5894DC9}.Release|Any CPU.ActiveCfg = Release|Any CPU
		{C0083C3E-D5DF-4A5A-8B92-EE32C5894DC9}.Release|Any CPU.Build.0 = Release|Any CPU
		{0E7ACA54-2E1C-4BFF-BD37-2C1E7662BD30}.Debug|Any CPU.ActiveCfg = Debug|Any CPU
		{0E7ACA54-2E1C-4BFF-BD37-2C1E7662BD30}.Debug|Any CPU.Build.0 = Debug|Any CPU
		{0E7ACA54-2E1C-4BFF-BD37-2C1E7662BD30}.Release|Any CPU.ActiveCfg = Release|Any CPU
		{0E7ACA54-2E1C-4BFF-BD37-2C1E7662BD30}.Release|Any CPU.Build.0 = Release|Any CPU
	EndGlobalSection
	GlobalSection(SolutionProperties) = preSolution
		HideSolutionNode = FALSE
	EndGlobalSection
	GlobalSection(ExtensibilityGlobals) = postSolution
		SolutionGuid = {CB0D80C6-601E-4502-9602-FA3F859884B4}
	EndGlobalSection
EndGlobal
